
Microsoft Visual Studio Solution File, Format Version 12.00
# Visual Studio 14
VisualStudioVersion = 14.0.22823.1
MinimumVisualStudioVersion = 10.0.40219.1
Project("{FAE04EC0-301F-11D3-BF4B-00C04F79EFBC}") = "GDriveBackupClient", "GDriveBackupClient.csproj", "{EC69472F-C446-4A57-B83C-149DFDD0ACC5}"
EndProject
Project("{FAE04EC0-301F-11D3-BF4B-00C04F79EFBC}") = "Core", "..\GDriveClientLib\Core.csproj", "{1087517C-2775-488A-8E17-89D42738423D}"
EndProject
Project("{FAE04EC0-301F-11D3-BF4B-00C04F79EFBC}") = "LocalFileSystemLib", "..\LocalFileSystemLib\LocalFileSystemLib.csproj", "{6A08090E-DCAA-483A-8494-4104EB7F7544}"
EndProject
Project("{FAE04EC0-301F-11D3-BF4B-00C04F79EFBC}") = "Tests", "Tests\Tests.csproj", "{DE1D9A7D-D944-4DA1-BC9C-1F89FF392C6E}"
EndProject
Project("{FAE04EC0-301F-11D3-BF4B-00C04F79EFBC}") = "GoogleDriveFileSystemLib", "GoogleDriveFileSystemLib\GoogleDriveFileSystemLib.csproj", "{FE80CBE2-B606-431E-A66A-DA4B02F09542}"
EndProject
Global
	GlobalSection(SolutionConfigurationPlatforms) = preSolution
		Debug|Any CPU = Debug|Any CPU
		Release|Any CPU = Release|Any CPU
	EndGlobalSection
	GlobalSection(ProjectConfigurationPlatforms) = postSolution
		{EC69472F-C446-4A57-B83C-149DFDD0ACC5}.Debug|Any CPU.ActiveCfg = Debug|Any CPU
		{EC69472F-C446-4A57-B83C-149DFDD0ACC5}.Debug|Any CPU.Build.0 = Debug|Any CPU
		{EC69472F-C446-4A57-B83C-149DFDD0ACC5}.Release|Any CPU.ActiveCfg = Release|Any CPU
		{EC69472F-C446-4A57-B83C-149DFDD0ACC5}.Release|Any CPU.Build.0 = Release|Any CPU
		{1087517C-2775-488A-8E17-89D42738423D}.Debug|Any CPU.ActiveCfg = Debug|Any CPU
		{1087517C-2775-488A-8E17-89D42738423D}.Debug|Any CPU.Build.0 = Debug|Any CPU
		{1087517C-2775-488A-8E17-89D42738423D}.Release|Any CPU.ActiveCfg = Release|Any CPU
		{1087517C-2775-488A-8E17-89D42738423D}.Release|Any CPU.Build.0 = Release|Any CPU
		{6A08090E-DCAA-483A-8494-4104EB7F7544}.Debug|Any CPU.ActiveCfg = Debug|Any CPU
		{6A08090E-DCAA-483A-8494-4104EB7F7544}.Debug|Any CPU.Build.0 = Debug|Any CPU
		{6A08090E-DCAA-483A-8494-4104EB7F7544}.Release|Any CPU.ActiveCfg = Release|Any CPU
		{6A08090E-DCAA-483A-8494-4104EB7F7544}.Release|Any CPU.Build.0 = Release|Any CPU
		{DE1D9A7D-D944-4DA1-BC9C-1F89FF392C6E}.Debug|Any CPU.ActiveCfg = Debug|Any CPU
		{DE1D9A7D-D944-4DA1-BC9C-1F89FF392C6E}.Debug|Any CPU.Build.0 = Debug|Any CPU
		{DE1D9A7D-D944-4DA1-BC9C-1F89FF392C6E}.Release|Any CPU.ActiveCfg = Release|Any CPU
		{DE1D9A7D-D944-4DA1-BC9C-1F89FF392C6E}.Release|Any CPU.Build.0 = Release|Any CPU
		{FE80CBE2-B606-431E-A66A-DA4B02F09542}.Debug|Any CPU.ActiveCfg = Debug|Any CPU
		{FE80CBE2-B606-431E-A66A-DA4B02F09542}.Debug|Any CPU.Build.0 = Debug|Any CPU
		{FE80CBE2-B606-431E-A66A-DA4B02F09542}.Release|Any CPU.ActiveCfg = Release|Any CPU
		{FE80CBE2-B606-431E-A66A-DA4B02F09542}.Release|Any CPU.Build.0 = Release|Any CPU
	EndGlobalSection
	GlobalSection(SolutionProperties) = preSolution
		HideSolutionNode = FALSE
	EndGlobalSection
EndGlobal
